<?xml version="1.0" encoding="utf-8"?>
<Project ToolsVersion="4.0" xmlns="http://schemas.microsoft.com/developer/msbuild/2003">
  <ItemGroup>
    <Filter Include="Source Files">
      <UniqueIdentifier>{4FC737F1-C7A5-4376-A066-2A32D752A2FF}</UniqueIdentifier>
      <Extensions>cpp;c;cc;cxx;c++;cppm;ixx;def;odl;idl;hpj;bat;asm;asmx</Extensions>
    </Filter>
    <Filter Include="Header Files">
      <UniqueIdentifier>{93995380-89BD-4b04-88EB-625FBE52EBFB}</UniqueIdentifier>
      <Extensions>h;hh;hpp;hxx;h++;hm;inl;inc;ipp;xsd</Extensions>
    </Filter>
    <Filter Include="Resource Files">
      <UniqueIdentifier>{67DA6AB6-F800-4c08-8B7A-83BB121AAD01}</UniqueIdentifier>
      <Extensions>rc;ico;cur;bmp;dlg;rc2;rct;bin;rgs;gif;jpg;jpeg;jpe;resx;tiff;tif;png;wav;mfcribbon-ms</Extensions>
    </Filter>
  </ItemGroup>
  <ItemGroup>
    <ClCompile Include="AetherRenderer.cpp">
      <Filter>Source Files</Filter>
    </ClCompile>
    <ClCompile Include="Engine\Renderer.cpp">
      <Filter>Source Files</Filter>
    </ClCompile>
    <ClCompile Include="Engine\AeEngine.cpp">
      <Filter>Source Files</Filter>
    </ClCompile>
    <ClCompile Include="Engine\Entity.cpp">
      <Filter>Source Files</Filter>
    </ClCompile>
    <ClCompile Include="Engine\Scene.cpp">
      <Filter>Source Files</Filter>
    </ClCompile>
    <ClCompile Include="Engine\Mesh.cpp">
      <Filter>Source Files</Filter>
    </ClCompile>
    <ClCompile Include="Engine\Shader.cpp">
      <Filter>Source Files</Filter>
    </ClCompile>
    <ClCompile Include="Utilities\FileUtil.hpp">
      <Filter>Source Files</Filter>
    </ClCompile>
    <ClCompile Include="Engine\Effectors\Move.cpp">
      <Filter>Source Files</Filter>
    </ClCompile>
    <ClCompile Include="Renderers\OpenglRenderer.cpp">
      <Filter>Source Files</Filter>
    </ClCompile>
    <ClCompile Include="Engine\Ressources.cpp">
      <Filter>Source Files</Filter>
    </ClCompile>
    <ClCompile Include="Engine\Image.cpp">
      <Filter>Source Files</Filter>
    </ClCompile>
    <ClCompile Include="Engine\Camera.cpp">
      <Filter>Source Files</Filter>
    </ClCompile>
    <ClCompile Include="..\Dependencies\src\glad\glad.c">
      <Filter>Source Files</Filter>
    </ClCompile>
  </ItemGroup>
  <ItemGroup>
    <ClInclude Include="Engine\Renderer.h">
      <Filter>Header Files</Filter>
    </ClInclude>
    <ClInclude Include="Engine\AeEngine.h">
      <Filter>Header Files</Filter>
    </ClInclude>
    <ClInclude Include="Engine\Entity.h">
      <Filter>Header Files</Filter>
    </ClInclude>
    <ClInclude Include="Engine\Scene.h">
      <Filter>Header Files</Filter>
    </ClInclude>
    <ClInclude Include="Engine\Mesh.h">
      <Filter>Header Files</Filter>
    </ClInclude>
    <ClInclude Include="Engine\Shader.h">
      <Filter>Header Files</Filter>
    </ClInclude>
    <ClInclude Include="Engine\Effector.h">
      <Filter>Header Files</Filter>
    </ClInclude>
    <ClInclude Include="Engine\Effectors\Move.h">
      <Filter>Header Files</Filter>
    </ClInclude>
    <ClInclude Include="Renderers\OpenglRenderer.h">
      <Filter>Header Files</Filter>
    </ClInclude>
    <ClInclude Include="Engine\MeshRenderer.h">
      <Filter>Header Files</Filter>
    </ClInclude>
    <ClInclude Include="Engine\Ressources.h">
      <Filter>Header Files</Filter>
    </ClInclude>
    <ClInclude Include="Engine\Image.h">
      <Filter>Header Files</Filter>
    </ClInclude>
    <ClInclude Include="Engine\Camera.h">
      <Filter>Header Files</Filter>
    </ClInclude>
  </ItemGroup>
  <ItemGroup>
    <None Include="Engine\Shaders\FragmentShader.frag" />
    <None Include="Engine\Shaders\VertexShader.vert" />
    <None Include="Engine\Scene.inl">
      <Filter>Header Files</Filter>
    </None>
    <None Include="Engine\Shaders\ScreenVertexShader.vert" />
    <None Include="Engine\Shaders\ScreenFragmentShader.frag" />
  </ItemGroup>
</Project>